
Microsoft Visual Studio Solution File, Format Version 12.00
# Visual Studio Version 16
VisualStudioVersion = 16.0.32228.343
MinimumVisualStudioVersion = 10.0.40219.1
Project("{8BC9CEB8-8B4A-11D0-8D11-00A0C91BC942}") = "Section_04_nextPermutation", "Section_04_nextPermutation\Section_04_nextPermutation.vcxproj", "{E3FCFE3D-38B8-4FA5-B4CB-CC07F45BAC14}"
EndProject
Global
	GlobalSection(SolutionConfigurationPlatforms) = preSolution
		Debug|x64 = Debug|x64
		Debug|x86 = Debug|x86
		Release|x64 = Release|x64
		Release|x86 = Release|x86
	EndGlobalSection
	GlobalSection(ProjectConfigurationPlatforms) = postSolution
		{E3FCFE3D-38B8-4FA5-B4CB-CC07F45BAC14}.Debug|x64.ActiveCfg = Debug|x64
		{E3FCFE3D-38B8-4FA5-B4CB-CC07F45BAC14}.Debug|x64.Build.0 = Debug|x64
		{E3FCFE3D-38B8-4FA5-B4CB-CC07F45BAC14}.Debug|x86.ActiveCfg = Debug|Win32
		{E3FCFE3D-38B8-4FA5-B4CB-CC07F45BAC14}.Debug|x86.Build.0 = Debug|Win32
		{E3FCFE3D-38B8-4FA5-B4CB-CC07F45BAC14}.Release|x64.ActiveCfg = Release|x64
		{E3FCFE3D-38B8-4FA5-B4CB-CC07F45BAC14}.Release|x64.Build.0 = Release|x64
		{E3FCFE3D-38B8-4FA5-B4CB-CC07F45BAC14}.Release|x86.ActiveCfg = Release|Win32
		{E3FCFE3D-38B8-4FA5-B4CB-CC07F45BAC14}.Release|x86.Build.0 = Release|Win32
	EndGlobalSection
	GlobalSection(SolutionProperties) = preSolution
		HideSolutionNode = FALSE
	EndGlobalSection
	GlobalSection(ExtensibilityGlobals) = postSolution
		SolutionGuid = {DDEA8291-CD73-4E27-8E77-8EC4B4F9B53A}
	EndGlobalSection
EndGlobal
