
Microsoft Visual Studio Solution File, Format Version 12.00
# Visual Studio Version 16
VisualStudioVersion = 16.0.32228.343
MinimumVisualStudioVersion = 10.0.40219.1
Project("{8BC9CEB8-8B4A-11D0-8D11-00A0C91BC942}") = "Section_01_Vector의반복자", "Section_01_Vector의반복자\Section_01_Vector의반복자.vcxproj", "{E5EAEB4B-5E65-4386-BD8B-2A526872FBB3}"
EndProject
Global
	GlobalSection(SolutionConfigurationPlatforms) = preSolution
		Debug|x64 = Debug|x64
		Debug|x86 = Debug|x86
		Release|x64 = Release|x64
		Release|x86 = Release|x86
	EndGlobalSection
	GlobalSection(ProjectConfigurationPlatforms) = postSolution
		{E5EAEB4B-5E65-4386-BD8B-2A526872FBB3}.Debug|x64.ActiveCfg = Debug|x64
		{E5EAEB4B-5E65-4386-BD8B-2A526872FBB3}.Debug|x64.Build.0 = Debug|x64
		{E5EAEB4B-5E65-4386-BD8B-2A526872FBB3}.Debug|x86.ActiveCfg = Debug|Win32
		{E5EAEB4B-5E65-4386-BD8B-2A526872FBB3}.Debug|x86.Build.0 = Debug|Win32
		{E5EAEB4B-5E65-4386-BD8B-2A526872FBB3}.Release|x64.ActiveCfg = Release|x64
		{E5EAEB4B-5E65-4386-BD8B-2A526872FBB3}.Release|x64.Build.0 = Release|x64
		{E5EAEB4B-5E65-4386-BD8B-2A526872FBB3}.Release|x86.ActiveCfg = Release|Win32
		{E5EAEB4B-5E65-4386-BD8B-2A526872FBB3}.Release|x86.Build.0 = Release|Win32
	EndGlobalSection
	GlobalSection(SolutionProperties) = preSolution
		HideSolutionNode = FALSE
	EndGlobalSection
	GlobalSection(ExtensibilityGlobals) = postSolution
		SolutionGuid = {4998C091-16BC-4074-9EB8-CF6E01686770}
	EndGlobalSection
EndGlobal
