
Microsoft Visual Studio Solution File, Format Version 12.00
# Visual Studio Version 16
VisualStudioVersion = 16.0.32228.343
MinimumVisualStudioVersion = 10.0.40219.1
Project("{8BC9CEB8-8B4A-11D0-8D11-00A0C91BC942}") = "Section_02_ObjectInfo_특수화버전", "Section_02_ObjectInfo_특수화버전\Section_02_ObjectInfo_특수화버전.vcxproj", "{99C928C3-7D41-494B-AC66-6A00DFABB504}"
EndProject
Global
	GlobalSection(SolutionConfigurationPlatforms) = preSolution
		Debug|x64 = Debug|x64
		Debug|x86 = Debug|x86
		Release|x64 = Release|x64
		Release|x86 = Release|x86
	EndGlobalSection
	GlobalSection(ProjectConfigurationPlatforms) = postSolution
		{99C928C3-7D41-494B-AC66-6A00DFABB504}.Debug|x64.ActiveCfg = Debug|x64
		{99C928C3-7D41-494B-AC66-6A00DFABB504}.Debug|x64.Build.0 = Debug|x64
		{99C928C3-7D41-494B-AC66-6A00DFABB504}.Debug|x86.ActiveCfg = Debug|Win32
		{99C928C3-7D41-494B-AC66-6A00DFABB504}.Debug|x86.Build.0 = Debug|Win32
		{99C928C3-7D41-494B-AC66-6A00DFABB504}.Release|x64.ActiveCfg = Release|x64
		{99C928C3-7D41-494B-AC66-6A00DFABB504}.Release|x64.Build.0 = Release|x64
		{99C928C3-7D41-494B-AC66-6A00DFABB504}.Release|x86.ActiveCfg = Release|Win32
		{99C928C3-7D41-494B-AC66-6A00DFABB504}.Release|x86.Build.0 = Release|Win32
	EndGlobalSection
	GlobalSection(SolutionProperties) = preSolution
		HideSolutionNode = FALSE
	EndGlobalSection
	GlobalSection(ExtensibilityGlobals) = postSolution
		SolutionGuid = {11DC707C-1C0A-4D2A-8A6D-32D23807ED67}
	EndGlobalSection
EndGlobal
