
Microsoft Visual Studio Solution File, Format Version 12.00
# Visual Studio Version 16
VisualStudioVersion = 16.0.32228.343
MinimumVisualStudioVersion = 10.0.40219.1
Project("{8BC9CEB8-8B4A-11D0-8D11-00A0C91BC942}") = "Section_02_정수형ArrayClass", "Section_02_정수형ArrayClass\Section_02_정수형ArrayClass.vcxproj", "{9F0147B9-3DE2-415F-B465-2176AE052EF4}"
EndProject
Global
	GlobalSection(SolutionConfigurationPlatforms) = preSolution
		Debug|x64 = Debug|x64
		Debug|x86 = Debug|x86
		Release|x64 = Release|x64
		Release|x86 = Release|x86
	EndGlobalSection
	GlobalSection(ProjectConfigurationPlatforms) = postSolution
		{9F0147B9-3DE2-415F-B465-2176AE052EF4}.Debug|x64.ActiveCfg = Debug|x64
		{9F0147B9-3DE2-415F-B465-2176AE052EF4}.Debug|x64.Build.0 = Debug|x64
		{9F0147B9-3DE2-415F-B465-2176AE052EF4}.Debug|x86.ActiveCfg = Debug|Win32
		{9F0147B9-3DE2-415F-B465-2176AE052EF4}.Debug|x86.Build.0 = Debug|Win32
		{9F0147B9-3DE2-415F-B465-2176AE052EF4}.Release|x64.ActiveCfg = Release|x64
		{9F0147B9-3DE2-415F-B465-2176AE052EF4}.Release|x64.Build.0 = Release|x64
		{9F0147B9-3DE2-415F-B465-2176AE052EF4}.Release|x86.ActiveCfg = Release|Win32
		{9F0147B9-3DE2-415F-B465-2176AE052EF4}.Release|x86.Build.0 = Release|Win32
	EndGlobalSection
	GlobalSection(SolutionProperties) = preSolution
		HideSolutionNode = FALSE
	EndGlobalSection
	GlobalSection(ExtensibilityGlobals) = postSolution
		SolutionGuid = {F91255D1-3C6A-4B1C-816C-6D71A87B5A1C}
	EndGlobalSection
EndGlobal
