
Microsoft Visual Studio Solution File, Format Version 12.00
# Visual Studio Version 16
VisualStudioVersion = 16.0.32228.343
MinimumVisualStudioVersion = 10.0.40219.1
Project("{8BC9CEB8-8B4A-11D0-8D11-00A0C91BC942}") = "Section_01_vector와vector비교", "Section_01_vector와vector비교\Section_01_vector와vector비교.vcxproj", "{8B39DCF8-8AA1-49C5-9577-F2837CD30403}"
EndProject
Global
	GlobalSection(SolutionConfigurationPlatforms) = preSolution
		Debug|x64 = Debug|x64
		Debug|x86 = Debug|x86
		Release|x64 = Release|x64
		Release|x86 = Release|x86
	EndGlobalSection
	GlobalSection(ProjectConfigurationPlatforms) = postSolution
		{8B39DCF8-8AA1-49C5-9577-F2837CD30403}.Debug|x64.ActiveCfg = Debug|x64
		{8B39DCF8-8AA1-49C5-9577-F2837CD30403}.Debug|x64.Build.0 = Debug|x64
		{8B39DCF8-8AA1-49C5-9577-F2837CD30403}.Debug|x86.ActiveCfg = Debug|Win32
		{8B39DCF8-8AA1-49C5-9577-F2837CD30403}.Debug|x86.Build.0 = Debug|Win32
		{8B39DCF8-8AA1-49C5-9577-F2837CD30403}.Release|x64.ActiveCfg = Release|x64
		{8B39DCF8-8AA1-49C5-9577-F2837CD30403}.Release|x64.Build.0 = Release|x64
		{8B39DCF8-8AA1-49C5-9577-F2837CD30403}.Release|x86.ActiveCfg = Release|Win32
		{8B39DCF8-8AA1-49C5-9577-F2837CD30403}.Release|x86.Build.0 = Release|Win32
	EndGlobalSection
	GlobalSection(SolutionProperties) = preSolution
		HideSolutionNode = FALSE
	EndGlobalSection
	GlobalSection(ExtensibilityGlobals) = postSolution
		SolutionGuid = {BAA28F8B-94D6-4352-9F7A-C0FDA4C637E7}
	EndGlobalSection
EndGlobal
