
Microsoft Visual Studio Solution File, Format Version 12.00
# Visual Studio Version 16
VisualStudioVersion = 16.0.32228.343
MinimumVisualStudioVersion = 10.0.40219.1
Project("{8BC9CEB8-8B4A-11D0-8D11-00A0C91BC942}") = "Section_02_copy_backward()알고리즘", "Section_02_copy_backward()알고리즘\Section_02_copy_backward()알고리즘.vcxproj", "{8335BB09-AEEE-488C-8386-8D9867004EC1}"
EndProject
Global
	GlobalSection(SolutionConfigurationPlatforms) = preSolution
		Debug|x64 = Debug|x64
		Debug|x86 = Debug|x86
		Release|x64 = Release|x64
		Release|x86 = Release|x86
	EndGlobalSection
	GlobalSection(ProjectConfigurationPlatforms) = postSolution
		{8335BB09-AEEE-488C-8386-8D9867004EC1}.Debug|x64.ActiveCfg = Debug|x64
		{8335BB09-AEEE-488C-8386-8D9867004EC1}.Debug|x64.Build.0 = Debug|x64
		{8335BB09-AEEE-488C-8386-8D9867004EC1}.Debug|x86.ActiveCfg = Debug|Win32
		{8335BB09-AEEE-488C-8386-8D9867004EC1}.Debug|x86.Build.0 = Debug|Win32
		{8335BB09-AEEE-488C-8386-8D9867004EC1}.Release|x64.ActiveCfg = Release|x64
		{8335BB09-AEEE-488C-8386-8D9867004EC1}.Release|x64.Build.0 = Release|x64
		{8335BB09-AEEE-488C-8386-8D9867004EC1}.Release|x86.ActiveCfg = Release|Win32
		{8335BB09-AEEE-488C-8386-8D9867004EC1}.Release|x86.Build.0 = Release|Win32
	EndGlobalSection
	GlobalSection(SolutionProperties) = preSolution
		HideSolutionNode = FALSE
	EndGlobalSection
	GlobalSection(ExtensibilityGlobals) = postSolution
		SolutionGuid = {7D79DD2B-7AB3-431C-9F3F-614D455B0D30}
	EndGlobalSection
EndGlobal
